
Microsoft Visual Studio Solution File, Format Version 12.00
# Visual Studio Version 17
VisualStudioVersion = 17.0.31903.59
MinimumVisualStudioVersion = 10.0.40219.1
Project("{9A19103F-16F7-4668-BE54-9A1E7A4F7556}") = "FeedsApi", "FeedsApi.csproj", "{7DBEF741-EA9F-4D51-B915-B011835B70BC}"
EndProject
Project("{2150E333-8FDC-42A3-9474-1A3956D46DE8}") = "docs", "docs", "{5354E995-4FE1-4BA1-95C0-E4C6DF1EEEB3}"
	ProjectSection(SolutionItems) = preProject
		..\docker-compose.yaml = ..\docker-compose.yaml
		..\README.md = ..\README.md
	EndProjectSection
EndProject
Project("{9A19103F-16F7-4668-BE54-9A1E7A4F7556}") = "FeedsWorker", "..\FeedsWorker\FeedsWorker.csproj", "{CF0D3744-89CA-48FA-ADAF-EC0F1407CFE7}"
EndProject
Global
	GlobalSection(SolutionConfigurationPlatforms) = preSolution
		Debug|Any CPU = Debug|Any CPU
		Release|Any CPU = Release|Any CPU
	EndGlobalSection
	GlobalSection(ProjectConfigurationPlatforms) = postSolution
		{7DBEF741-EA9F-4D51-B915-B011835B70BC}.Debug|Any CPU.ActiveCfg = Debug|Any CPU
		{7DBEF741-EA9F-4D51-B915-B011835B70BC}.Debug|Any CPU.Build.0 = Debug|Any CPU
		{7DBEF741-EA9F-4D51-B915-B011835B70BC}.Release|Any CPU.ActiveCfg = Release|Any CPU
		{7DBEF741-EA9F-4D51-B915-B011835B70BC}.Release|Any CPU.Build.0 = Release|Any CPU
		{CF0D3744-89CA-48FA-ADAF-EC0F1407CFE7}.Debug|Any CPU.ActiveCfg = Debug|Any CPU
		{CF0D3744-89CA-48FA-ADAF-EC0F1407CFE7}.Debug|Any CPU.Build.0 = Debug|Any CPU
		{CF0D3744-89CA-48FA-ADAF-EC0F1407CFE7}.Release|Any CPU.ActiveCfg = Release|Any CPU
		{CF0D3744-89CA-48FA-ADAF-EC0F1407CFE7}.Release|Any CPU.Build.0 = Release|Any CPU
	EndGlobalSection
	GlobalSection(SolutionProperties) = preSolution
		HideSolutionNode = FALSE
	EndGlobalSection
	GlobalSection(ExtensibilityGlobals) = postSolution
		SolutionGuid = {ED8B247B-154E-4267-89AF-041CDF3FF8EF}
	EndGlobalSection
EndGlobal
